apiVersion: vendir.k14s.io/v1alpha1
directories:
- contents:
  - git:
      commitTitle: 'chore: align files according to platform standards (#191)...'
      sha: f5db957f014f3aec8c5397728422ff39034e4627
      tags:
      - v0.0.9
    path: .
  path: helm/policy-meta-operator/templates/crds
kind: LockConfig
